
Microsoft Visual Studio Solution File, Format Version 12.00
# Visual Studio Version 16
VisualStudioVersion = 16.0.31025.194
MinimumVisualStudioVersion = 10.0.40219.1
Project("{FAE04EC0-301F-11D3-BF4B-00C04F79EFBC}") = "ComboBoxDemo", "ComboBoxDemo\ComboBoxDemo.csproj", "{CA05DA8A-4C1C-4C70-8B89-3DFBE90FDD4C}"
EndProject
Global
	GlobalSection(SolutionConfigurationPlatforms) = preSolution
		Debug|Any CPU = Debug|Any CPU
		Release|Any CPU = Release|Any CPU
	EndGlobalSection
	GlobalSection(ProjectConfigurationPlatforms) = postSolution
		{CA05DA8A-4C1C-4C70-8B89-3DFBE90FDD4C}.Debug|Any CPU.ActiveCfg = Debug|Any CPU
		{CA05DA8A-4C1C-4C70-8B89-3DFBE90FDD4C}.Debug|Any CPU.Build.0 = Debug|Any CPU
		{CA05DA8A-4C1C-4C70-8B89-3DFBE90FDD4C}.Release|Any CPU.ActiveCfg = Release|Any CPU
		{CA05DA8A-4C1C-4C70-8B89-3DFBE90FDD4C}.Release|Any CPU.Build.0 = Release|Any CPU
	EndGlobalSection
	GlobalSection(SolutionProperties) = preSolution
		HideSolutionNode = FALSE
	EndGlobalSection
	GlobalSection(ExtensibilityGlobals) = postSolution
		SolutionGuid = {468BEF9A-BA38-4097-BFFB-C89A7ED533FD}
	EndGlobalSection
EndGlobal
